PODS:
  - EggMobilePushNotification (1.0.2)

DEPENDENCIES:
  - EggMobilePushNotification (from `../`)

EXTERNAL SOURCES:
  EggMobilePushNotification:
    :path: "../"

SPEC CHECKSUMS:
  EggMobilePushNotification: ebaf3ae8872e0de0b2a91560ec27d5cc0b5453ad

PODFILE CHECKSUM: 7dde01c4003f5e7a9643865a4a9fe77566a794e5

COCOAPODS: 1.0.1
